
Microsoft Visual Studio Solution File, Format Version 12.00
# Visual Studio Version 17
VisualStudioVersion = 17.7.34018.315
MinimumVisualStudioVersion = 10.0.40219.1
Project("{FAE04EC0-301F-11D3-BF4B-00C04F79EFBC}") = "WindowsFormsApp1", "WindowsFormsApp1\WindowsFormsApp1.csproj", "{2C6C53B6-9ACA-4684-B7DB-0101A3675418}"
EndProject
Global
	GlobalSection(SolutionConfigurationPlatforms) = preSolution
		Debug|Any CPU = Debug|Any CPU
		Release|Any CPU = Release|Any CPU
	EndGlobalSection
	GlobalSection(ProjectConfigurationPlatforms) = postSolution
		{2C6C53B6-9ACA-4684-B7DB-0101A3675418}.Debug|Any CPU.ActiveCfg = Debug|Any CPU
		{2C6C53B6-9ACA-4684-B7DB-0101A3675418}.Debug|Any CPU.Build.0 = Debug|Any CPU
		{2C6C53B6-9ACA-4684-B7DB-0101A3675418}.Release|Any CPU.ActiveCfg = Release|Any CPU
		{2C6C53B6-9ACA-4684-B7DB-0101A3675418}.Release|Any CPU.Build.0 = Release|Any CPU
	EndGlobalSection
	GlobalSection(SolutionProperties) = preSolution
		HideSolutionNode = FALSE
	EndGlobalSection
	GlobalSection(ExtensibilityGlobals) = postSolution
		SolutionGuid = {5DBF219F-2031-45E1-8589-5DF1E3BCE5C2}
	EndGlobalSection
EndGlobal
